// !$*UTF8*$!
{
	archiveVersion = 1;
	classes = {
	};
	objectVersion = 46;
	objects = {

/* Begin PBXBuildFile section */
		1172331A1ECCDE64007BBD86 /* main.m in Sources */ = {isa = PBXBuildFile; fileRef = 117233191ECCDE64007BBD86 /* main.m */; };
		1172331D1ECCDE64007BBD86 /* AppDelegate.m in Sources */ = {isa = PBXBuildFile; fileRef = 1172331C1ECCDE64007BBD86 /* AppDelegate.m */; };
		117233201ECCDE64007BBD86 /* ViewController.m in Sources */ = {isa = PBXBuildFile; fileRef = 1172331F1ECCDE64007BBD86 /* ViewController.m */; };
		117233231ECCDE64007BBD86 /* Main.storyboard in Resources */ = {isa = PBXBuildFile; fileRef = 117233211ECCDE64007BBD86 /* Main.storyboard */; };
		117233251ECCDE64007BBD86 /* Assets.xcassets in Resources */ = {isa = PBXBuildFile; fileRef = 117233241ECCDE64007BBD86 /* Assets.xcassets */; };
		117233281ECCDE64007BBD86 /* LaunchScreen.storyboard in Resources */ = {isa = PBXBuildFile; fileRef = 117233261ECCDE64007BBD86 /* LaunchScreen.storyboard */; };
		117233311ECCE3B8007BBD86 /* MyScrollView.m in Sources */ = {isa = PBXBuildFile; fileRef = 117233301ECCE3B8007BBD86 /* MyScrollView.m */; };
/* End PBXBuildFile section */

/* Begin PBXFileReference section */
		117233151ECCDE64007BBD86 /* MyScrollView.app */ = {isa = PBXFileReference; explicitFileType = wrapper.application; includeInIndex = 0; path = MyScrollView.app; sourceTree = BUILT_PRODUCTS_DIR; };
		117233191ECCDE64007BBD86 /* main.m */ = {isa = PBXFileReference; lastKnownFileType = sourcecode.c.objc; path = main.m; sourceTree = "<group>"; };
		1172331B1ECCDE64007BBD86 /* AppDelegate.h */ = {isa = PBXFileReference; lastKnownFileType = sourcecode.c.h; path = AppDelegate.h; sourceTree = "<group>"; };
		1172331C1ECCDE64007BBD86 /* AppDelegate.m */ = {isa = PBXFileReference; lastKnownFileType = sourcecode.c.objc; path = AppDelegate.m; sourceTree = "<group>"; };
		1172331E1ECCDE64007BBD86 /* ViewController.h */ = {isa = PBXFileReference; lastKnownFileType = sourcecode.c.h; path = ViewController.h; sourceTree = "<group>"; };
		1172331F1ECCDE64007BBD86 /* ViewController.m */ = {isa = PBXFileReference; lastKnownFileType = sourcecode.c.objc; path = ViewController.m; sourceTree = "<group>"; };
		117233221ECCDE64007BBD86 /* Base */ = {isa = PBXFileReference; lastKnownFileType = file.storyboard; name = Base; path = Base.lproj/Main.storyboard; sourceTree = "<group>"; };
		117233241ECCDE64007BBD86 /* Assets.xcassets */ = {isa = PBXFileReference; lastKnownFileType = folder.assetcatalog; path = Assets.xcassets; sourceTree = "<group>"; };
		117233271ECCDE64007BBD86 /* Base */ = {isa = PBXFileReference; lastKnownFileType = file.storyboard; name = Base; path = Base.lproj/LaunchScreen.storyboard; sourceTree = "<group>"; };
		117233291ECCDE64007BBD86 /* Info.plist */ = {isa = PBXFileReference; lastKnownFileType = text.plist.xml; path = Info.plist; sourceTree = "<group>"; };
		1172332F1ECCE3B8007BBD86 /* MyScrollView.h */ = {isa = PBXFileReference; fileEncoding = 4; lastKnownFileType = sourcecode.c.h; path = MyScrollView.h; sourceTree = "<group>"; };
		117233301ECCE3B8007BBD86 /* MyScrollView.m */ = {isa = PBXFileReference; fileEncoding = 4; lastKnownFileType = sourcecode.c.objc; path = MyScrollView.m; sourceTree = "<group>"; };
/* End PBXFileReference section */

/* Begin PBXFrameworksBuildPhase section */
		117233121ECCDE64007BBD86 /* Frameworks */ = {
			isa = PBXFrameworksBuildPhase;
			buildActionMask = 2147483647;
			files = (
			);
			runOnlyForDeploymentPostprocessing = 0;
		};
/* End PBXFrameworksBuildPhase section */

/* Begin PBXGroup section */
		1172330C1ECCDE64007BBD86 = {
			isa = PBXGroup;
			children = (
				117233171ECCDE64007BBD86 /* MyScrollView */,
				117233161ECCDE64007BBD86 /* Products */,
			);
			sourceTree = "<group>";
		};
		117233161ECCDE64007BBD86 /* Products */ = {
			isa = PBXGroup;
			children = (
				117233151ECCDE64007BBD86 /* MyScrollView.app */,
			);
			name = Products;
			sourceTree = "<group>";
		};
		117233171ECCDE64007BBD86 /* MyScrollView */ = {
			isa = PBXGroup;
			children = (
				1172331B1ECCDE64007BBD86 /* AppDelegate.h */,
				1172331C1ECCDE64007BBD86 /* AppDelegate.m */,
				1172331E1ECCDE64007BBD86 /* ViewController.h */,
				1172331F1ECCDE64007BBD86 /* ViewController.m */,
				117233211ECCDE64007BBD86 /* Main.storyboard */,
				1172332F1ECCE3B8007BBD86 /* MyScrollView.h */,
				117233301ECCE3B8007BBD86 /* MyScrollView.m */,
				117233241ECCDE64007BBD86 /* Assets.xcassets */,
				117233261ECCDE64007BBD86 /* LaunchScreen.storyboard */,
				117233291ECCDE64007BBD86 /* Info.plist */,
				117233181ECCDE64007BBD86 /* Supporting Files */,
			);
			path = MyScrollView;
			sourceTree = "<group>";
		};
		117233181ECCDE64007BBD86 /* Supporting Files */ = {
			isa = PBXGroup;
			children = (
				117233191ECCDE64007BBD86 /* main.m */,
			);
			name = "Supporting Files";
			sourceTree = "<group>";
		};
/* End PBXGroup section */

/* Begin PBXNativeTarget section */
		117233141ECCDE64007BBD86 /* MyScrollView */ = {
			isa = PBXNativeTarget;
			buildConfigurationList = 1172332C1ECCDE64007BBD86 /* Build configuration list for PBXNativeTarget "MyScrollView" */;
			buildPhases = (
				117233111ECCDE64007BBD86 /* Sources */,
				117233121ECCDE64007BBD86 /* Frameworks */,
				117233131ECCDE64007BBD86 /* Resources */,
			);
			buildRules = (
			);
			dependencies = (
			);
			name = MyScrollView;
			productName = MyScrollView;
			productReference = 117233151ECCDE64007BBD86 /* MyScrollView.app */;
			productType = "com.apple.product-type.application";
		};
/* End PBXNativeTarget section */

/* Begin PBXProject section */
		1172330D1ECCDE64007BBD86 /* Project object */ = {
			isa = PBXProject;
			attributes = {
				LastUpgradeCheck = 0820;
				ORGANIZATIONNAME = "Adam Felix";
				TargetAttributes = {
					117233141ECCDE64007BBD86 = {
						CreatedOnToolsVersion = 8.2.1;
						ProvisioningStyle = Automatic;
					};
				};
			};
			buildConfigurationList = 117233101ECCDE64007BBD86 /* Build configuration list for PBXProject "MyScrollView" */;
			compatibilityVersion = "Xcode 3.2";
			developmentRegion = English;
			hasScannedForEncodings = 0;
			knownRegions = (
				en,
				Base,
			);
			mainGroup = 1172330C1ECCDE64007BBD86;
			productRefGroup = 117233161ECCDE64007BBD86 /* Products */;
			projectDirPath = "";
			projectRoot = "";
			targets = (
				117233141ECCDE64007BBD86 /* MyScrollView */,
			);
		};
/* End PBXProject section */

/* Begin PBXResourcesBuildPhase section */
		117233131ECCDE64007BBD86 /* Resources */ = {
			isa = PBXResourcesBuildPhase;
			buildActionMask = 2147483647;
			files = (
				117233281ECCDE64007BBD86 /* LaunchScreen.storyboard in Resources */,
				117233251ECCDE64007BBD86 /* Assets.xcassets in Resources */,
				117233231ECCDE64007BBD86 /* Main.storyboard in Resources */,
			);
			runOnlyForDeploymentPostprocessing = 0;
		};
/* End PBXResourcesBuildPhase section */

/* Begin PBXSourcesBuildPhase section */
		117233111ECCDE64007BBD86 /* Sources */ = {
			isa = PBXSourcesBuildPhase;
			buildActionMask = 2147483647;
			files = (
				117233201ECCDE64007BBD86 /* ViewController.m in Sources */,
				117233311ECCE3B8007BBD86 /* MyScrollView.m in Sources */,
				1172331D1ECCDE64007BBD86 /* AppDelegate.m in Sources */,
				1172331A1ECCDE64007BBD86 /* main.m in Sources */,
			);
			runOnlyForDeploymentPostprocessing = 0;
		};
/* End PBXSourcesBuildPhase section */

/* Begin PBXVariantGroup section */
		117233211ECCDE64007BBD86 /* Main.storyboard */ = {
			isa = PBXVariantGroup;
			children = (
				117233221ECCDE64007BBD86 /* Base */,
			);
			name = Main.storyboard;
			sourceTree = "<group>";
		};
		117233261ECCDE64007BBD86 /* LaunchScreen.storyboard */ = {
			isa = PBXVariantGroup;
			children = (
				117233271ECCDE64007BBD86 /* Base */,
			);
			name = LaunchScreen.storyboard;
			sourceTree = "<group>";
		};
/* End PBXVariantGroup section */

/* Begin XCBuildConfiguration section */
		1172332A1ECCDE64007BBD86 /* Debug */ = {
			isa = XCBuildConfiguration;
			buildSettings = {
				ALWAYS_SEARCH_USER_PATHS = NO;
				CLANG_ANALYZER_NONNULL = YES;
				CLANG_CXX_LANGUAGE_STANDARD = "gnu++0x";
				CLANG_CXX_LIBRARY = "libc++";
				CLANG_ENABLE_MODULES = YES;
				CLANG_ENABLE_OBJC_ARC = YES;
				CLANG_WARN_BOOL_CONVERSION = YES;
				CLANG_WARN_CONSTANT_CONVERSION = YES;
				CLANG_WARN_DIRECT_OBJC_ISA_USAGE = YES_ERROR;
				CLANG_WARN_DOCUMENTATION_COMMENTS = YES;
				CLANG_WARN_EMPTY_BODY = YES;
				CLANG_WARN_ENUM_CONVERSION = YES;
				CLANG_WARN_INFINITE_RECURSION = YES;
				CLANG_WARN_INT_CONVERSION = YES;
				CLANG_WARN_OBJC_ROOT_CLASS = YES_ERROR;
				CLANG_WARN_SUSPICIOUS_MOVE = YES;
				CLANG_WARN_UNREACHABLE_CODE = YES;
				CLANG_WARN__DUPLICATE_METHOD_MATCH = YES;
				"CODE_SIGN_IDENTITY[sdk=iphoneos*]" = "iPhone Developer";
				COPY_PHASE_STRIP = NO;
				DEBUG_INFORMATION_FORMAT = dwarf;
				ENABLE_STRICT_OBJC_MSGSEND = YES;
				ENABLE_TESTABILITY = YES;
				GCC_C_LANGUAGE_STANDARD = gnu99;
				GCC_DYNAMIC_NO_PIC = NO;
				GCC_NO_COMMON_BLOCKS = YES;
				GCC_OPTIMIZATION_LEVEL = 0;
				GCC_PREPROCESSOR_DEFINITIONS = (
					"DEBUG=1",
					"$(inherited)",
				);
				GCC_WARN_64_TO_32_BIT_CONVERSION = YES;
				GCC_WARN_ABOUT_RETURN_TYPE = YES_ERROR;
				GCC_WARN_UNDECLARED_SELECTOR = YES;
				GCC_WARN_UNINITIALIZED_AUTOS = YES_AGGRESSIVE;
				GCC_WARN_UNUSED_FUNCTION = YES;
				GCC_WARN_UNUSED_VARIABLE = YES;
				IPHONEOS_DEPLOYMENT_TARGET = 10.2;
				MTL_ENABLE_DEBUG_INFO = YES;
				ONLY_ACTIVE_ARCH = YES;
				SDKROOT = iphoneos;
			};
			name = Debug;
		};
		1172332B1ECCDE64007BBD86 /* Release */ = {
			isa = XCBuildConfiguration;
			buildSettings = {
				ALWAYS_SEARCH_USER_PATHS = NO;
				CLANG_ANALYZER_NONNULL = YES;
				CLANG_CXX_LANGUAGE_STANDARD = "gnu++0x";
				CLANG_CXX_LIBRARY = "libc++";
				CLANG_ENABLE_MODULES = YES;
				CLANG_ENABLE_OBJC_ARC = YES;
				CLANG_WARN_BOOL_CONVERSION = YES;
				CLANG_WARN_CONSTANT_CONVERSION = YES;
				CLANG_WARN_DIRECT_OBJC_ISA_USAGE = YES_ERROR;
				CLANG_WARN_DOCUMENTATION_COMMENTS = YES;
				CLANG_WARN_EMPTY_BODY = YES;
				CLANG_WARN_ENUM_CONVERSION = YES;
				CLANG_WARN_INFINITE_RECURSION = YES;
				CLANG_WARN_INT_CONVERSION = YES;
				CLANG_WARN_OBJC_ROOT_CLASS = YES_ERROR;
				CLANG_WARN_SUSPICIOUS_MOVE = YES;
				CLANG_WARN_UNREACHABLE_CODE = YES;
				CLANG_WARN__DUPLICATE_METHOD_MATCH = YES;
				"CODE_SIGN_IDENTITY[sdk=iphoneos*]" = "iPhone Developer";
				COPY_PHASE_STRIP = NO;
				DEBUG_INFORMATION_FORMAT = "dwarf-with-dsym";
				ENABLE_NS_ASSERTIONS = NO;
				ENABLE_STRICT_OBJC_MSGSEND = YES;
				GCC_C_LANGUAGE_STANDARD = gnu99;
				GCC_NO_COMMON_BLOCKS = YES;
				GCC_WARN_64_TO_32_BIT_CONVERSION = YES;
				GCC_WARN_ABOUT_RETURN_TYPE = YES_ERROR;
				GCC_WARN_UNDECLARED_SELECTOR = YES;
				GCC_WARN_UNINITIALIZED_AUTOS = YES_AGGRESSIVE;
				GCC_WARN_UNUSED_FUNCTION = YES;
				GCC_WARN_UNUSED_VARIABLE = YES;
				IPHONEOS_DEPLOYMENT_TARGET = 10.2;
				MTL_ENABLE_DEBUG_INFO = NO;
				SDKROOT = iphoneos;
				VALIDATE_PRODUCT = YES;
			};
			name = Release;
		};
		1172332D1ECCDE64007BBD86 /* Debug */ = {
			isa = XCBuildConfiguration;
			buildSettings = {
				ASSETCATALOG_COMPILER_APPICON_NAME = AppIcon;
				INFOPLIST_FILE = MyScrollView/Info.plist;
				LD_RUNPATH_SEARCH_PATHS = "$(inherited) @executable_path/Frameworks";
				PRODUCT_BUNDLE_IDENTIFIER = com.bignerdranch.MyScrollView;
				PRODUCT_NAME = "$(TARGET_NAME)";
			};
			name = Debug;
		};
		1172332E1ECCDE64007BBD86 /* Release */ = {
			isa = XCBuildConfiguration;
			buildSettings = {
				ASSETCATALOG_COMPILER_APPICON_NAME = AppIcon;
				INFOPLIST_FILE = MyScrollView/Info.plist;
				LD_RUNPATH_SEARCH_PATHS = "$(inherited) @executable_path/Frameworks";
				PRODUCT_BUNDLE_IDENTIFIER = com.bignerdranch.MyScrollView;
				PRODUCT_NAME = "$(TARGET_NAME)";
			};
			name = Release;
		};
/* End XCBuildConfiguration section */

/* Begin XCConfigurationList section */
		117233101ECCDE64007BBD86 /* Build configuration list for PBXProject "MyScrollView" */ = {
			isa = XCConfigurationList;
			buildConfigurations = (
				1172332A1ECCDE64007BBD86 /* Debug */,
				1172332B1ECCDE64007BBD86 /* Release */,
			);
			defaultConfigurationIsVisible = 0;
			defaultConfigurationName = Release;
		};
		1172332C1ECCDE64007BBD86 /* Build configuration list for PBXNativeTarget "MyScrollView" */ = {
			isa = XCConfigurationList;
			buildConfigurations = (
				1172332D1ECCDE64007BBD86 /* Debug */,
				1172332E1ECCDE64007BBD86 /* Release */,
			);
			defaultConfigurationIsVisible = 0;
		};
/* End XCConfigurationList section */
	};
	rootObject = 1172330D1ECCDE64007BBD86 /* Project object */;
}
