// !$*UTF8*$!
{
	archiveVersion = 1;
	classes = {
	};
	objectVersion = 46;
	objects = {

/* Begin PBXBuildFile section */
		110E2CF51ED1F436006C2164 /* main.m in Sources */ = {isa = PBXBuildFile; fileRef = 110E2CF41ED1F436006C2164 /* main.m */; };
		110E2CF81ED1F436006C2164 /* AppDelegate.m in Sources */ = {isa = PBXBuildFile; fileRef = 110E2CF71ED1F436006C2164 /* AppDelegate.m */; };
		110E2CFB1ED1F436006C2164 /* ViewController.m in Sources */ = {isa = PBXBuildFile; fileRef = 110E2CFA1ED1F436006C2164 /* ViewController.m */; };
		110E2CFE1ED1F436006C2164 /* Main.storyboard in Resources */ = {isa = PBXBuildFile; fileRef = 110E2CFC1ED1F436006C2164 /* Main.storyboard */; };
		110E2D001ED1F436006C2164 /* Assets.xcassets in Resources */ = {isa = PBXBuildFile; fileRef = 110E2CFF1ED1F436006C2164 /* Assets.xcassets */; };
		110E2D031ED1F436006C2164 /* LaunchScreen.storyboard in Resources */ = {isa = PBXBuildFile; fileRef = 110E2D011ED1F436006C2164 /* LaunchScreen.storyboard */; };
		110E2D0C1ED1F6B9006C2164 /* PhotoCell.m in Sources */ = {isa = PBXBuildFile; fileRef = 110E2D0B1ED1F6B9006C2164 /* PhotoCell.m */; };
		110E2D131ED1F7BC006C2164 /* cathedral grove-0.JPG in Resources */ = {isa = PBXBuildFile; fileRef = 110E2D0D1ED1F7BC006C2164 /* cathedral grove-0.JPG */; };
		110E2D141ED1F7BC006C2164 /* cathedral grove-1.JPG in Resources */ = {isa = PBXBuildFile; fileRef = 110E2D0E1ED1F7BC006C2164 /* cathedral grove-1.JPG */; };
		110E2D151ED1F7BC006C2164 /* cathedral grove-2.JPG in Resources */ = {isa = PBXBuildFile; fileRef = 110E2D0F1ED1F7BC006C2164 /* cathedral grove-2.JPG */; };
		110E2D161ED1F7BC006C2164 /* cathedral grove-3.JPG in Resources */ = {isa = PBXBuildFile; fileRef = 110E2D101ED1F7BC006C2164 /* cathedral grove-3.JPG */; };
		110E2D171ED1F7BC006C2164 /* cathedral grove-4.JPG in Resources */ = {isa = PBXBuildFile; fileRef = 110E2D111ED1F7BC006C2164 /* cathedral grove-4.JPG */; };
		110E2D181ED1F7BC006C2164 /* cathedral grove-5.JPG in Resources */ = {isa = PBXBuildFile; fileRef = 110E2D121ED1F7BC006C2164 /* cathedral grove-5.JPG */; };
		110E2D201ED1F802006C2164 /* DSC03588.JPG in Resources */ = {isa = PBXBuildFile; fileRef = 110E2D1B1ED1F802006C2164 /* DSC03588.JPG */; };
		110E2D211ED1F802006C2164 /* DSC03589.JPG in Resources */ = {isa = PBXBuildFile; fileRef = 110E2D1C1ED1F802006C2164 /* DSC03589.JPG */; };
		110E2D221ED1F802006C2164 /* DSC03590.JPG in Resources */ = {isa = PBXBuildFile; fileRef = 110E2D1D1ED1F802006C2164 /* DSC03590.JPG */; };
		110E2D231ED1F802006C2164 /* DSC03591.JPG in Resources */ = {isa = PBXBuildFile; fileRef = 110E2D1E1ED1F802006C2164 /* DSC03591.JPG */; };
		110E2D241ED1F802006C2164 /* DSC03592.JPG in Resources */ = {isa = PBXBuildFile; fileRef = 110E2D1F1ED1F802006C2164 /* DSC03592.JPG */; };
		110E2D2B1ED1F835006C2164 /* elk falls-2.JPG in Resources */ = {isa = PBXBuildFile; fileRef = 110E2D261ED1F835006C2164 /* elk falls-2.JPG */; };
		110E2D2C1ED1F835006C2164 /* elk falls-3.JPG in Resources */ = {isa = PBXBuildFile; fileRef = 110E2D271ED1F835006C2164 /* elk falls-3.JPG */; };
		110E2D2D1ED1F835006C2164 /* elk falls-4.JPG in Resources */ = {isa = PBXBuildFile; fileRef = 110E2D281ED1F835006C2164 /* elk falls-4.JPG */; };
		110E2D2E1ED1F835006C2164 /* elk falls-5.JPG in Resources */ = {isa = PBXBuildFile; fileRef = 110E2D291ED1F835006C2164 /* elk falls-5.JPG */; };
		110E2D2F1ED1F835006C2164 /* elk falls-6.JPG in Resources */ = {isa = PBXBuildFile; fileRef = 110E2D2A1ED1F835006C2164 /* elk falls-6.JPG */; };
/* End PBXBuildFile section */

/* Begin PBXFileReference section */
		110E2CF01ED1F436006C2164 /* InstaKilo.app */ = {isa = PBXFileReference; explicitFileType = wrapper.application; includeInIndex = 0; path = InstaKilo.app; sourceTree = BUILT_PRODUCTS_DIR; };
		110E2CF41ED1F436006C2164 /* main.m */ = {isa = PBXFileReference; lastKnownFileType = sourcecode.c.objc; path = main.m; sourceTree = "<group>"; };
		110E2CF61ED1F436006C2164 /* AppDelegate.h */ = {isa = PBXFileReference; lastKnownFileType = sourcecode.c.h; path = AppDelegate.h; sourceTree = "<group>"; };
		110E2CF71ED1F436006C2164 /* AppDelegate.m */ = {isa = PBXFileReference; lastKnownFileType = sourcecode.c.objc; path = AppDelegate.m; sourceTree = "<group>"; };
		110E2CF91ED1F436006C2164 /* ViewController.h */ = {isa = PBXFileReference; lastKnownFileType = sourcecode.c.h; path = ViewController.h; sourceTree = "<group>"; };
		110E2CFA1ED1F436006C2164 /* ViewController.m */ = {isa = PBXFileReference; lastKnownFileType = sourcecode.c.objc; path = ViewController.m; sourceTree = "<group>"; };
		110E2CFD1ED1F436006C2164 /* Base */ = {isa = PBXFileReference; lastKnownFileType = file.storyboard; name = Base; path = Base.lproj/Main.storyboard; sourceTree = "<group>"; };
		110E2CFF1ED1F436006C2164 /* Assets.xcassets */ = {isa = PBXFileReference; lastKnownFileType = folder.assetcatalog; path = Assets.xcassets; sourceTree = "<group>"; };
		110E2D021ED1F436006C2164 /* Base */ = {isa = PBXFileReference; lastKnownFileType = file.storyboard; name = Base; path = Base.lproj/LaunchScreen.storyboard; sourceTree = "<group>"; };
		110E2D041ED1F436006C2164 /* Info.plist */ = {isa = PBXFileReference; lastKnownFileType = text.plist.xml; path = Info.plist; sourceTree = "<group>"; };
		110E2D0A1ED1F6B9006C2164 /* PhotoCell.h */ = {isa = PBXFileReference; fileEncoding = 4; lastKnownFileType = sourcecode.c.h; path = PhotoCell.h; sourceTree = "<group>"; };
		110E2D0B1ED1F6B9006C2164 /* PhotoCell.m */ = {isa = PBXFileReference; fileEncoding = 4; lastKnownFileType = sourcecode.c.objc; path = PhotoCell.m; sourceTree = "<group>"; };
		110E2D0D1ED1F7BC006C2164 /* cathedral grove-0.JPG */ = {isa = PBXFileReference; lastKnownFileType = image.jpeg; name = "cathedral grove-0.JPG"; path = "../../../../../../../../../photos/cathedral grove/cathedral grove-0.JPG"; sourceTree = "<group>"; };
		110E2D0E1ED1F7BC006C2164 /* cathedral grove-1.JPG */ = {isa = PBXFileReference; lastKnownFileType = image.jpeg; name = "cathedral grove-1.JPG"; path = "../../../../../../../../../photos/cathedral grove/cathedral grove-1.JPG"; sourceTree = "<group>"; };
		110E2D0F1ED1F7BC006C2164 /* cathedral grove-2.JPG */ = {isa = PBXFileReference; lastKnownFileType = image.jpeg; name = "cathedral grove-2.JPG"; path = "../../../../../../../../../photos/cathedral grove/cathedral grove-2.JPG"; sourceTree = "<group>"; };
		110E2D101ED1F7BC006C2164 /* cathedral grove-3.JPG */ = {isa = PBXFileReference; lastKnownFileType = image.jpeg; name = "cathedral grove-3.JPG"; path = "../../../../../../../../../photos/cathedral grove/cathedral grove-3.JPG"; sourceTree = "<group>"; };
		110E2D111ED1F7BC006C2164 /* cathedral grove-4.JPG */ = {isa = PBXFileReference; lastKnownFileType = image.jpeg; name = "cathedral grove-4.JPG"; path = "../../../../../../../../../photos/cathedral grove/cathedral grove-4.JPG"; sourceTree = "<group>"; };
		110E2D121ED1F7BC006C2164 /* cathedral grove-5.JPG */ = {isa = PBXFileReference; lastKnownFileType = image.jpeg; name = "cathedral grove-5.JPG"; path = "../../../../../../../../../photos/cathedral grove/cathedral grove-5.JPG"; sourceTree = "<group>"; };
		110E2D1B1ED1F802006C2164 /* DSC03588.JPG */ = {isa = PBXFileReference; lastKnownFileType = image.jpeg; name = DSC03588.JPG; path = ../../../../../../../../../photos/banff/DSC03588.JPG; sourceTree = "<group>"; };
		110E2D1C1ED1F802006C2164 /* DSC03589.JPG */ = {isa = PBXFileReference; lastKnownFileType = image.jpeg; name = DSC03589.JPG; path = ../../../../../../../../../photos/banff/DSC03589.JPG; sourceTree = "<group>"; };
		110E2D1D1ED1F802006C2164 /* DSC03590.JPG */ = {isa = PBXFileReference; lastKnownFileType = image.jpeg; name = DSC03590.JPG; path = ../../../../../../../../../photos/banff/DSC03590.JPG; sourceTree = "<group>"; };
		110E2D1E1ED1F802006C2164 /* DSC03591.JPG */ = {isa = PBXFileReference; lastKnownFileType = image.jpeg; name = DSC03591.JPG; path = ../../../../../../../../../photos/banff/DSC03591.JPG; sourceTree = "<group>"; };
		110E2D1F1ED1F802006C2164 /* DSC03592.JPG */ = {isa = PBXFileReference; lastKnownFileType = image.jpeg; name = DSC03592.JPG; path = ../../../../../../../../../photos/banff/DSC03592.JPG; sourceTree = "<group>"; };
		110E2D261ED1F835006C2164 /* elk falls-2.JPG */ = {isa = PBXFileReference; lastKnownFileType = image.jpeg; name = "elk falls-2.JPG"; path = "../../../../../../../../../photos/elk falls/elk falls-2.JPG"; sourceTree = "<group>"; };
		110E2D271ED1F835006C2164 /* elk falls-3.JPG */ = {isa = PBXFileReference; lastKnownFileType = image.jpeg; name = "elk falls-3.JPG"; path = "../../../../../../../../../photos/elk falls/elk falls-3.JPG"; sourceTree = "<group>"; };
		110E2D281ED1F835006C2164 /* elk falls-4.JPG */ = {isa = PBXFileReference; lastKnownFileType = image.jpeg; name = "elk falls-4.JPG"; path = "../../../../../../../../../photos/elk falls/elk falls-4.JPG"; sourceTree = "<group>"; };
		110E2D291ED1F835006C2164 /* elk falls-5.JPG */ = {isa = PBXFileReference; lastKnownFileType = image.jpeg; name = "elk falls-5.JPG"; path = "../../../../../../../../../photos/elk falls/elk falls-5.JPG"; sourceTree = "<group>"; };
		110E2D2A1ED1F835006C2164 /* elk falls-6.JPG */ = {isa = PBXFileReference; lastKnownFileType = image.jpeg; name = "elk falls-6.JPG"; path = "../../../../../../../../../photos/elk falls/elk falls-6.JPG"; sourceTree = "<group>"; };
/* End PBXFileReference section */

/* Begin PBXFrameworksBuildPhase section */
		110E2CED1ED1F436006C2164 /* Frameworks */ = {
			isa = PBXFrameworksBuildPhase;
			buildActionMask = 2147483647;
			files = (
			);
			runOnlyForDeploymentPostprocessing = 0;
		};
/* End PBXFrameworksBuildPhase section */

/* Begin PBXGroup section */
		110E2CE71ED1F436006C2164 = {
			isa = PBXGroup;
			children = (
				110E2CF21ED1F436006C2164 /* InstaKilo */,
				110E2CF11ED1F436006C2164 /* Products */,
			);
			sourceTree = "<group>";
		};
		110E2CF11ED1F436006C2164 /* Products */ = {
			isa = PBXGroup;
			children = (
				110E2CF01ED1F436006C2164 /* InstaKilo.app */,
			);
			name = Products;
			sourceTree = "<group>";
		};
		110E2CF21ED1F436006C2164 /* InstaKilo */ = {
			isa = PBXGroup;
			children = (
				110E2CF61ED1F436006C2164 /* AppDelegate.h */,
				110E2CF71ED1F436006C2164 /* AppDelegate.m */,
				110E2CF91ED1F436006C2164 /* ViewController.h */,
				110E2CFA1ED1F436006C2164 /* ViewController.m */,
				110E2CFC1ED1F436006C2164 /* Main.storyboard */,
				110E2D0A1ED1F6B9006C2164 /* PhotoCell.h */,
				110E2D0B1ED1F6B9006C2164 /* PhotoCell.m */,
				110E2CFF1ED1F436006C2164 /* Assets.xcassets */,
				110E2D011ED1F436006C2164 /* LaunchScreen.storyboard */,
				110E2D041ED1F436006C2164 /* Info.plist */,
				110E2D191ED1F7CD006C2164 /* Images */,
				110E2CF31ED1F436006C2164 /* Supporting Files */,
			);
			path = InstaKilo;
			sourceTree = "<group>";
		};
		110E2CF31ED1F436006C2164 /* Supporting Files */ = {
			isa = PBXGroup;
			children = (
				110E2CF41ED1F436006C2164 /* main.m */,
			);
			name = "Supporting Files";
			sourceTree = "<group>";
		};
		110E2D191ED1F7CD006C2164 /* Images */ = {
			isa = PBXGroup;
			children = (
				110E2D301ED1F842006C2164 /* ElkFalls */,
				110E2D251ED1F810006C2164 /* Banff */,
				110E2D1A1ED1F7D5006C2164 /* CathedralGrove */,
			);
			name = Images;
			sourceTree = "<group>";
		};
		110E2D1A1ED1F7D5006C2164 /* CathedralGrove */ = {
			isa = PBXGroup;
			children = (
				110E2D0D1ED1F7BC006C2164 /* cathedral grove-0.JPG */,
				110E2D0E1ED1F7BC006C2164 /* cathedral grove-1.JPG */,
				110E2D0F1ED1F7BC006C2164 /* cathedral grove-2.JPG */,
				110E2D101ED1F7BC006C2164 /* cathedral grove-3.JPG */,
				110E2D111ED1F7BC006C2164 /* cathedral grove-4.JPG */,
				110E2D121ED1F7BC006C2164 /* cathedral grove-5.JPG */,
			);
			name = CathedralGrove;
			sourceTree = "<group>";
		};
		110E2D251ED1F810006C2164 /* Banff */ = {
			isa = PBXGroup;
			children = (
				110E2D1B1ED1F802006C2164 /* DSC03588.JPG */,
				110E2D1C1ED1F802006C2164 /* DSC03589.JPG */,
				110E2D1D1ED1F802006C2164 /* DSC03590.JPG */,
				110E2D1E1ED1F802006C2164 /* DSC03591.JPG */,
				110E2D1F1ED1F802006C2164 /* DSC03592.JPG */,
			);
			name = Banff;
			sourceTree = "<group>";
		};
		110E2D301ED1F842006C2164 /* ElkFalls */ = {
			isa = PBXGroup;
			children = (
				110E2D261ED1F835006C2164 /* elk falls-2.JPG */,
				110E2D271ED1F835006C2164 /* elk falls-3.JPG */,
				110E2D281ED1F835006C2164 /* elk falls-4.JPG */,
				110E2D291ED1F835006C2164 /* elk falls-5.JPG */,
				110E2D2A1ED1F835006C2164 /* elk falls-6.JPG */,
			);
			name = ElkFalls;
			sourceTree = "<group>";
		};
/* End PBXGroup section */

/* Begin PBXNativeTarget section */
		110E2CEF1ED1F436006C2164 /* InstaKilo */ = {
			isa = PBXNativeTarget;
			buildConfigurationList = 110E2D071ED1F436006C2164 /* Build configuration list for PBXNativeTarget "InstaKilo" */;
			buildPhases = (
				110E2CEC1ED1F436006C2164 /* Sources */,
				110E2CED1ED1F436006C2164 /* Frameworks */,
				110E2CEE1ED1F436006C2164 /* Resources */,
			);
			buildRules = (
			);
			dependencies = (
			);
			name = InstaKilo;
			productName = InstaKilo;
			productReference = 110E2CF01ED1F436006C2164 /* InstaKilo.app */;
			productType = "com.apple.product-type.application";
		};
/* End PBXNativeTarget section */

/* Begin PBXProject section */
		110E2CE81ED1F436006C2164 /* Project object */ = {
			isa = PBXProject;
			attributes = {
				LastUpgradeCheck = 0820;
				ORGANIZATIONNAME = "Adam Felix";
				TargetAttributes = {
					110E2CEF1ED1F436006C2164 = {
						CreatedOnToolsVersion = 8.2.1;
						ProvisioningStyle = Automatic;
					};
				};
			};
			buildConfigurationList = 110E2CEB1ED1F436006C2164 /* Build configuration list for PBXProject "InstaKilo" */;
			compatibilityVersion = "Xcode 3.2";
			developmentRegion = English;
			hasScannedForEncodings = 0;
			knownRegions = (
				en,
				Base,
			);
			mainGroup = 110E2CE71ED1F436006C2164;
			productRefGroup = 110E2CF11ED1F436006C2164 /* Products */;
			projectDirPath = "";
			projectRoot = "";
			targets = (
				110E2CEF1ED1F436006C2164 /* InstaKilo */,
			);
		};
/* End PBXProject section */

/* Begin PBXResourcesBuildPhase section */
		110E2CEE1ED1F436006C2164 /* Resources */ = {
			isa = PBXResourcesBuildPhase;
			buildActionMask = 2147483647;
			files = (
				110E2D171ED1F7BC006C2164 /* cathedral grove-4.JPG in Resources */,
				110E2D151ED1F7BC006C2164 /* cathedral grove-2.JPG in Resources */,
				110E2D211ED1F802006C2164 /* DSC03589.JPG in Resources */,
				110E2D231ED1F802006C2164 /* DSC03591.JPG in Resources */,
				110E2D131ED1F7BC006C2164 /* cathedral grove-0.JPG in Resources */,
				110E2D031ED1F436006C2164 /* LaunchScreen.storyboard in Resources */,
				110E2D161ED1F7BC006C2164 /* cathedral grove-3.JPG in Resources */,
				110E2D201ED1F802006C2164 /* DSC03588.JPG in Resources */,
				110E2D241ED1F802006C2164 /* DSC03592.JPG in Resources */,
				110E2D141ED1F7BC006C2164 /* cathedral grove-1.JPG in Resources */,
				110E2D2D1ED1F835006C2164 /* elk falls-4.JPG in Resources */,
				110E2D2B1ED1F835006C2164 /* elk falls-2.JPG in Resources */,
				110E2D181ED1F7BC006C2164 /* cathedral grove-5.JPG in Resources */,
				110E2D2C1ED1F835006C2164 /* elk falls-3.JPG in Resources */,
				110E2D001ED1F436006C2164 /* Assets.xcassets in Resources */,
				110E2D221ED1F802006C2164 /* DSC03590.JPG in Resources */,
				110E2D2F1ED1F835006C2164 /* elk falls-6.JPG in Resources */,
				110E2D2E1ED1F835006C2164 /* elk falls-5.JPG in Resources */,
				110E2CFE1ED1F436006C2164 /* Main.storyboard in Resources */,
			);
			runOnlyForDeploymentPostprocessing = 0;
		};
/* End PBXResourcesBuildPhase section */

/* Begin PBXSourcesBuildPhase section */
		110E2CEC1ED1F436006C2164 /* Sources */ = {
			isa = PBXSourcesBuildPhase;
			buildActionMask = 2147483647;
			files = (
				110E2D0C1ED1F6B9006C2164 /* PhotoCell.m in Sources */,
				110E2CFB1ED1F436006C2164 /* ViewController.m in Sources */,
				110E2CF81ED1F436006C2164 /* AppDelegate.m in Sources */,
				110E2CF51ED1F436006C2164 /* main.m in Sources */,
			);
			runOnlyForDeploymentPostprocessing = 0;
		};
/* End PBXSourcesBuildPhase section */

/* Begin PBXVariantGroup section */
		110E2CFC1ED1F436006C2164 /* Main.storyboard */ = {
			isa = PBXVariantGroup;
			children = (
				110E2CFD1ED1F436006C2164 /* Base */,
			);
			name = Main.storyboard;
			sourceTree = "<group>";
		};
		110E2D011ED1F436006C2164 /* LaunchScreen.storyboard */ = {
			isa = PBXVariantGroup;
			children = (
				110E2D021ED1F436006C2164 /* Base */,
			);
			name = LaunchScreen.storyboard;
			sourceTree = "<group>";
		};
/* End PBXVariantGroup section */

/* Begin XCBuildConfiguration section */
		110E2D051ED1F436006C2164 /* Debug */ = {
			isa = XCBuildConfiguration;
			buildSettings = {
				ALWAYS_SEARCH_USER_PATHS = NO;
				CLANG_ANALYZER_NONNULL = YES;
				CLANG_CXX_LANGUAGE_STANDARD = "gnu++0x";
				CLANG_CXX_LIBRARY = "libc++";
				CLANG_ENABLE_MODULES = YES;
				CLANG_ENABLE_OBJC_ARC = YES;
				CLANG_WARN_BOOL_CONVERSION = YES;
				CLANG_WARN_CONSTANT_CONVERSION = YES;
				CLANG_WARN_DIRECT_OBJC_ISA_USAGE = YES_ERROR;
				CLANG_WARN_DOCUMENTATION_COMMENTS = YES;
				CLANG_WARN_EMPTY_BODY = YES;
				CLANG_WARN_ENUM_CONVERSION = YES;
				CLANG_WARN_INFINITE_RECURSION = YES;
				CLANG_WARN_INT_CONVERSION = YES;
				CLANG_WARN_OBJC_ROOT_CLASS = YES_ERROR;
				CLANG_WARN_SUSPICIOUS_MOVE = YES;
				CLANG_WARN_UNREACHABLE_CODE = YES;
				CLANG_WARN__DUPLICATE_METHOD_MATCH = YES;
				"CODE_SIGN_IDENTITY[sdk=iphoneos*]" = "iPhone Developer";
				COPY_PHASE_STRIP = NO;
				DEBUG_INFORMATION_FORMAT = dwarf;
				ENABLE_STRICT_OBJC_MSGSEND = YES;
				ENABLE_TESTABILITY = YES;
				GCC_C_LANGUAGE_STANDARD = gnu99;
				GCC_DYNAMIC_NO_PIC = NO;
				GCC_NO_COMMON_BLOCKS = YES;
				GCC_OPTIMIZATION_LEVEL = 0;
				GCC_PREPROCESSOR_DEFINITIONS = (
					"DEBUG=1",
					"$(inherited)",
				);
				GCC_WARN_64_TO_32_BIT_CONVERSION = YES;
				GCC_WARN_ABOUT_RETURN_TYPE = YES_ERROR;
				GCC_WARN_UNDECLARED_SELECTOR = YES;
				GCC_WARN_UNINITIALIZED_AUTOS = YES_AGGRESSIVE;
				GCC_WARN_UNUSED_FUNCTION = YES;
				GCC_WARN_UNUSED_VARIABLE = YES;
				IPHONEOS_DEPLOYMENT_TARGET = 10.2;
				MTL_ENABLE_DEBUG_INFO = YES;
				ONLY_ACTIVE_ARCH = YES;
				SDKROOT = iphoneos;
			};
			name = Debug;
		};
		110E2D061ED1F436006C2164 /* Release */ = {
			isa = XCBuildConfiguration;
			buildSettings = {
				ALWAYS_SEARCH_USER_PATHS = NO;
				CLANG_ANALYZER_NONNULL = YES;
				CLANG_CXX_LANGUAGE_STANDARD = "gnu++0x";
				CLANG_CXX_LIBRARY = "libc++";
				CLANG_ENABLE_MODULES = YES;
				CLANG_ENABLE_OBJC_ARC = YES;
				CLANG_WARN_BOOL_CONVERSION = YES;
				CLANG_WARN_CONSTANT_CONVERSION = YES;
				CLANG_WARN_DIRECT_OBJC_ISA_USAGE = YES_ERROR;
				CLANG_WARN_DOCUMENTATION_COMMENTS = YES;
				CLANG_WARN_EMPTY_BODY = YES;
				CLANG_WARN_ENUM_CONVERSION = YES;
				CLANG_WARN_INFINITE_RECURSION = YES;
				CLANG_WARN_INT_CONVERSION = YES;
				CLANG_WARN_OBJC_ROOT_CLASS = YES_ERROR;
				CLANG_WARN_SUSPICIOUS_MOVE = YES;
				CLANG_WARN_UNREACHABLE_CODE = YES;
				CLANG_WARN__DUPLICATE_METHOD_MATCH = YES;
				"CODE_SIGN_IDENTITY[sdk=iphoneos*]" = "iPhone Developer";
				COPY_PHASE_STRIP = NO;
				DEBUG_INFORMATION_FORMAT = "dwarf-with-dsym";
				ENABLE_NS_ASSERTIONS = NO;
				ENABLE_STRICT_OBJC_MSGSEND = YES;
				GCC_C_LANGUAGE_STANDARD = gnu99;
				GCC_NO_COMMON_BLOCKS = YES;
				GCC_WARN_64_TO_32_BIT_CONVERSION = YES;
				GCC_WARN_ABOUT_RETURN_TYPE = YES_ERROR;
				GCC_WARN_UNDECLARED_SELECTOR = YES;
				GCC_WARN_UNINITIALIZED_AUTOS = YES_AGGRESSIVE;
				GCC_WARN_UNUSED_FUNCTION = YES;
				GCC_WARN_UNUSED_VARIABLE = YES;
				IPHONEOS_DEPLOYMENT_TARGET = 10.2;
				MTL_ENABLE_DEBUG_INFO = NO;
				SDKROOT = iphoneos;
				VALIDATE_PRODUCT = YES;
			};
			name = Release;
		};
		110E2D081ED1F436006C2164 /* Debug */ = {
			isa = XCBuildConfiguration;
			buildSettings = {
				ASSETCATALOG_COMPILER_APPICON_NAME = AppIcon;
				INFOPLIST_FILE = InstaKilo/Info.plist;
				LD_RUNPATH_SEARCH_PATHS = "$(inherited) @executable_path/Frameworks";
				PRODUCT_BUNDLE_IDENTIFIER = com.bignerdranch.InstaKilo;
				PRODUCT_NAME = "$(TARGET_NAME)";
			};
			name = Debug;
		};
		110E2D091ED1F436006C2164 /* Release */ = {
			isa = XCBuildConfiguration;
			buildSettings = {
				ASSETCATALOG_COMPILER_APPICON_NAME = AppIcon;
				INFOPLIST_FILE = InstaKilo/Info.plist;
				LD_RUNPATH_SEARCH_PATHS = "$(inherited) @executable_path/Frameworks";
				PRODUCT_BUNDLE_IDENTIFIER = com.bignerdranch.InstaKilo;
				PRODUCT_NAME = "$(TARGET_NAME)";
			};
			name = Release;
		};
/* End XCBuildConfiguration section */

/* Begin XCConfigurationList section */
		110E2CEB1ED1F436006C2164 /* Build configuration list for PBXProject "InstaKilo" */ = {
			isa = XCConfigurationList;
			buildConfigurations = (
				110E2D051ED1F436006C2164 /* Debug */,
				110E2D061ED1F436006C2164 /* Release */,
			);
			defaultConfigurationIsVisible = 0;
			defaultConfigurationName = Release;
		};
		110E2D071ED1F436006C2164 /* Build configuration list for PBXNativeTarget "InstaKilo" */ = {
			isa = XCConfigurationList;
			buildConfigurations = (
				110E2D081ED1F436006C2164 /* Debug */,
				110E2D091ED1F436006C2164 /* Release */,
			);
			defaultConfigurationIsVisible = 0;
			defaultConfigurationName = Release;
		};
/* End XCConfigurationList section */
	};
	rootObject = 110E2CE81ED1F436006C2164 /* Project object */;
}
