// !$*UTF8*$!
{
	archiveVersion = 1;
	classes = {
	};
	objectVersion = 46;
	objects = {

/* Begin PBXBuildFile section */
		1166751B1ED64C2500537286 /* main.m in Sources */ = {isa = PBXBuildFile; fileRef = 1166751A1ED64C2500537286 /* main.m */; };
		1166751E1ED64C2500537286 /* AppDelegate.m in Sources */ = {isa = PBXBuildFile; fileRef = 1166751D1ED64C2500537286 /* AppDelegate.m */; };
		116675211ED64C2500537286 /* ViewController.m in Sources */ = {isa = PBXBuildFile; fileRef = 116675201ED64C2500537286 /* ViewController.m */; };
		116675241ED64C2500537286 /* Main.storyboard in Resources */ = {isa = PBXBuildFile; fileRef = 116675221ED64C2500537286 /* Main.storyboard */; };
		116675271ED64C2500537286 /* EveryDo.xcdatamodeld in Sources */ = {isa = PBXBuildFile; fileRef = 116675251ED64C2500537286 /* EveryDo.xcdatamodeld */; };
		116675291ED64C2500537286 /* Assets.xcassets in Resources */ = {isa = PBXBuildFile; fileRef = 116675281ED64C2500537286 /* Assets.xcassets */; };
		1166752C1ED64C2500537286 /* LaunchScreen.storyboard in Resources */ = {isa = PBXBuildFile; fileRef = 1166752A1ED64C2500537286 /* LaunchScreen.storyboard */; };
/* End PBXBuildFile section */

/* Begin PBXFileReference section */
		116675161ED64C2400537286 /* EveryDo.app */ = {isa = PBXFileReference; explicitFileType = wrapper.application; includeInIndex = 0; path = EveryDo.app; sourceTree = BUILT_PRODUCTS_DIR; };
		1166751A1ED64C2500537286 /* main.m */ = {isa = PBXFileReference; lastKnownFileType = sourcecode.c.objc; path = main.m; sourceTree = "<group>"; };
		1166751C1ED64C2500537286 /* AppDelegate.h */ = {isa = PBXFileReference; lastKnownFileType = sourcecode.c.h; path = AppDelegate.h; sourceTree = "<group>"; };
		1166751D1ED64C2500537286 /* AppDelegate.m */ = {isa = PBXFileReference; lastKnownFileType = sourcecode.c.objc; path = AppDelegate.m; sourceTree = "<group>"; };
		1166751F1ED64C2500537286 /* ViewController.h */ = {isa = PBXFileReference; lastKnownFileType = sourcecode.c.h; path = ViewController.h; sourceTree = "<group>"; };
		116675201ED64C2500537286 /* ViewController.m */ = {isa = PBXFileReference; lastKnownFileType = sourcecode.c.objc; path = ViewController.m; sourceTree = "<group>"; };
		116675231ED64C2500537286 /* Base */ = {isa = PBXFileReference; lastKnownFileType = file.storyboard; name = Base; path = Base.lproj/Main.storyboard; sourceTree = "<group>"; };
		116675261ED64C2500537286 /* EveryDo.xcdatamodel */ = {isa = PBXFileReference; lastKnownFileType = wrapper.xcdatamodel; path = EveryDo.xcdatamodel; sourceTree = "<group>"; };
		116675281ED64C2500537286 /* Assets.xcassets */ = {isa = PBXFileReference; lastKnownFileType = folder.assetcatalog; path = Assets.xcassets; sourceTree = "<group>"; };
		1166752B1ED64C2500537286 /* Base */ = {isa = PBXFileReference; lastKnownFileType = file.storyboard; name = Base; path = Base.lproj/LaunchScreen.storyboard; sourceTree = "<group>"; };
		1166752D1ED64C2500537286 /* Info.plist */ = {isa = PBXFileReference; lastKnownFileType = text.plist.xml; path = Info.plist; sourceTree = "<group>"; };
/* End PBXFileReference section */

/* Begin PBXFrameworksBuildPhase section */
		116675131ED64C2400537286 /* Frameworks */ = {
			isa = PBXFrameworksBuildPhase;
			buildActionMask = 2147483647;
			files = (
			);
			runOnlyForDeploymentPostprocessing = 0;
		};
/* End PBXFrameworksBuildPhase section */

/* Begin PBXGroup section */
		1166750D1ED64C2400537286 = {
			isa = PBXGroup;
			children = (
				116675181ED64C2400537286 /* EveryDo */,
				116675171ED64C2400537286 /* Products */,
			);
			sourceTree = "<group>";
		};
		116675171ED64C2400537286 /* Products */ = {
			isa = PBXGroup;
			children = (
				116675161ED64C2400537286 /* EveryDo.app */,
			);
			name = Products;
			sourceTree = "<group>";
		};
		116675181ED64C2400537286 /* EveryDo */ = {
			isa = PBXGroup;
			children = (
				1166751C1ED64C2500537286 /* AppDelegate.h */,
				1166751D1ED64C2500537286 /* AppDelegate.m */,
				1166751F1ED64C2500537286 /* ViewController.h */,
				116675201ED64C2500537286 /* ViewController.m */,
				116675221ED64C2500537286 /* Main.storyboard */,
				116675281ED64C2500537286 /* Assets.xcassets */,
				1166752A1ED64C2500537286 /* LaunchScreen.storyboard */,
				1166752D1ED64C2500537286 /* Info.plist */,
				116675251ED64C2500537286 /* EveryDo.xcdatamodeld */,
				116675191ED64C2500537286 /* Supporting Files */,
			);
			path = EveryDo;
			sourceTree = "<group>";
		};
		116675191ED64C2500537286 /* Supporting Files */ = {
			isa = PBXGroup;
			children = (
				1166751A1ED64C2500537286 /* main.m */,
			);
			name = "Supporting Files";
			sourceTree = "<group>";
		};
/* End PBXGroup section */

/* Begin PBXNativeTarget section */
		116675151ED64C2400537286 /* EveryDo */ = {
			isa = PBXNativeTarget;
			buildConfigurationList = 116675301ED64C2500537286 /* Build configuration list for PBXNativeTarget "EveryDo" */;
			buildPhases = (
				116675121ED64C2400537286 /* Sources */,
				116675131ED64C2400537286 /* Frameworks */,
				116675141ED64C2400537286 /* Resources */,
			);
			buildRules = (
			);
			dependencies = (
			);
			name = EveryDo;
			productName = EveryDo;
			productReference = 116675161ED64C2400537286 /* EveryDo.app */;
			productType = "com.apple.product-type.application";
		};
/* End PBXNativeTarget section */

/* Begin PBXProject section */
		1166750E1ED64C2400537286 /* Project object */ = {
			isa = PBXProject;
			attributes = {
				LastUpgradeCheck = 0820;
				ORGANIZATIONNAME = "Adam Felix";
				TargetAttributes = {
					116675151ED64C2400537286 = {
						CreatedOnToolsVersion = 8.2.1;
						ProvisioningStyle = Automatic;
					};
				};
			};
			buildConfigurationList = 116675111ED64C2400537286 /* Build configuration list for PBXProject "EveryDo" */;
			compatibilityVersion = "Xcode 3.2";
			developmentRegion = English;
			hasScannedForEncodings = 0;
			knownRegions = (
				en,
				Base,
			);
			mainGroup = 1166750D1ED64C2400537286;
			productRefGroup = 116675171ED64C2400537286 /* Products */;
			projectDirPath = "";
			projectRoot = "";
			targets = (
				116675151ED64C2400537286 /* EveryDo */,
			);
		};
/* End PBXProject section */

/* Begin PBXResourcesBuildPhase section */
		116675141ED64C2400537286 /* Resources */ = {
			isa = PBXResourcesBuildPhase;
			buildActionMask = 2147483647;
			files = (
				1166752C1ED64C2500537286 /* LaunchScreen.storyboard in Resources */,
				116675291ED64C2500537286 /* Assets.xcassets in Resources */,
				116675241ED64C2500537286 /* Main.storyboard in Resources */,
			);
			runOnlyForDeploymentPostprocessing = 0;
		};
/* End PBXResourcesBuildPhase section */

/* Begin PBXSourcesBuildPhase section */
		116675121ED64C2400537286 /* Sources */ = {
			isa = PBXSourcesBuildPhase;
			buildActionMask = 2147483647;
			files = (
				116675211ED64C2500537286 /* ViewController.m in Sources */,
				1166751E1ED64C2500537286 /* AppDelegate.m in Sources */,
				116675271ED64C2500537286 /* EveryDo.xcdatamodeld in Sources */,
				1166751B1ED64C2500537286 /* main.m in Sources */,
			);
			runOnlyForDeploymentPostprocessing = 0;
		};
/* End PBXSourcesBuildPhase section */

/* Begin PBXVariantGroup section */
		116675221ED64C2500537286 /* Main.storyboard */ = {
			isa = PBXVariantGroup;
			children = (
				116675231ED64C2500537286 /* Base */,
			);
			name = Main.storyboard;
			sourceTree = "<group>";
		};
		1166752A1ED64C2500537286 /* LaunchScreen.storyboard */ = {
			isa = PBXVariantGroup;
			children = (
				1166752B1ED64C2500537286 /* Base */,
			);
			name = LaunchScreen.storyboard;
			sourceTree = "<group>";
		};
/* End PBXVariantGroup section */

/* Begin XCBuildConfiguration section */
		1166752E1ED64C2500537286 /* Debug */ = {
			isa = XCBuildConfiguration;
			buildSettings = {
				ALWAYS_SEARCH_USER_PATHS = NO;
				CLANG_ANALYZER_NONNULL = YES;
				CLANG_CXX_LANGUAGE_STANDARD = "gnu++0x";
				CLANG_CXX_LIBRARY = "libc++";
				CLANG_ENABLE_MODULES = YES;
				CLANG_ENABLE_OBJC_ARC = YES;
				CLANG_WARN_BOOL_CONVERSION = YES;
				CLANG_WARN_CONSTANT_CONVERSION = YES;
				CLANG_WARN_DIRECT_OBJC_ISA_USAGE = YES_ERROR;
				CLANG_WARN_DOCUMENTATION_COMMENTS = YES;
				CLANG_WARN_EMPTY_BODY = YES;
				CLANG_WARN_ENUM_CONVERSION = YES;
				CLANG_WARN_INFINITE_RECURSION = YES;
				CLANG_WARN_INT_CONVERSION = YES;
				CLANG_WARN_OBJC_ROOT_CLASS = YES_ERROR;
				CLANG_WARN_SUSPICIOUS_MOVE = YES;
				CLANG_WARN_UNREACHABLE_CODE = YES;
				CLANG_WARN__DUPLICATE_METHOD_MATCH = YES;
				"CODE_SIGN_IDENTITY[sdk=iphoneos*]" = "iPhone Developer";
				COPY_PHASE_STRIP = NO;
				DEBUG_INFORMATION_FORMAT = dwarf;
				ENABLE_STRICT_OBJC_MSGSEND = YES;
				ENABLE_TESTABILITY = YES;
				GCC_C_LANGUAGE_STANDARD = gnu99;
				GCC_DYNAMIC_NO_PIC = NO;
				GCC_NO_COMMON_BLOCKS = YES;
				GCC_OPTIMIZATION_LEVEL = 0;
				GCC_PREPROCESSOR_DEFINITIONS = (
					"DEBUG=1",
					"$(inherited)",
				);
				GCC_WARN_64_TO_32_BIT_CONVERSION = YES;
				GCC_WARN_ABOUT_RETURN_TYPE = YES_ERROR;
				GCC_WARN_UNDECLARED_SELECTOR = YES;
				GCC_WARN_UNINITIALIZED_AUTOS = YES_AGGRESSIVE;
				GCC_WARN_UNUSED_FUNCTION = YES;
				GCC_WARN_UNUSED_VARIABLE = YES;
				IPHONEOS_DEPLOYMENT_TARGET = 10.2;
				MTL_ENABLE_DEBUG_INFO = YES;
				ONLY_ACTIVE_ARCH = YES;
				SDKROOT = iphoneos;
			};
			name = Debug;
		};
		1166752F1ED64C2500537286 /* Release */ = {
			isa = XCBuildConfiguration;
			buildSettings = {
				ALWAYS_SEARCH_USER_PATHS = NO;
				CLANG_ANALYZER_NONNULL = YES;
				CLANG_CXX_LANGUAGE_STANDARD = "gnu++0x";
				CLANG_CXX_LIBRARY = "libc++";
				CLANG_ENABLE_MODULES = YES;
				CLANG_ENABLE_OBJC_ARC = YES;
				CLANG_WARN_BOOL_CONVERSION = YES;
				CLANG_WARN_CONSTANT_CONVERSION = YES;
				CLANG_WARN_DIRECT_OBJC_ISA_USAGE = YES_ERROR;
				CLANG_WARN_DOCUMENTATION_COMMENTS = YES;
				CLANG_WARN_EMPTY_BODY = YES;
				CLANG_WARN_ENUM_CONVERSION = YES;
				CLANG_WARN_INFINITE_RECURSION = YES;
				CLANG_WARN_INT_CONVERSION = YES;
				CLANG_WARN_OBJC_ROOT_CLASS = YES_ERROR;
				CLANG_WARN_SUSPICIOUS_MOVE = YES;
				CLANG_WARN_UNREACHABLE_CODE = YES;
				CLANG_WARN__DUPLICATE_METHOD_MATCH = YES;
				"CODE_SIGN_IDENTITY[sdk=iphoneos*]" = "iPhone Developer";
				COPY_PHASE_STRIP = NO;
				DEBUG_INFORMATION_FORMAT = "dwarf-with-dsym";
				ENABLE_NS_ASSERTIONS = NO;
				ENABLE_STRICT_OBJC_MSGSEND = YES;
				GCC_C_LANGUAGE_STANDARD = gnu99;
				GCC_NO_COMMON_BLOCKS = YES;
				GCC_WARN_64_TO_32_BIT_CONVERSION = YES;
				GCC_WARN_ABOUT_RETURN_TYPE = YES_ERROR;
				GCC_WARN_UNDECLARED_SELECTOR = YES;
				GCC_WARN_UNINITIALIZED_AUTOS = YES_AGGRESSIVE;
				GCC_WARN_UNUSED_FUNCTION = YES;
				GCC_WARN_UNUSED_VARIABLE = YES;
				IPHONEOS_DEPLOYMENT_TARGET = 10.2;
				MTL_ENABLE_DEBUG_INFO = NO;
				SDKROOT = iphoneos;
				VALIDATE_PRODUCT = YES;
			};
			name = Release;
		};
		116675311ED64C2500537286 /* Debug */ = {
			isa = XCBuildConfiguration;
			buildSettings = {
				ASSETCATALOG_COMPILER_APPICON_NAME = AppIcon;
				INFOPLIST_FILE = EveryDo/Info.plist;
				LD_RUNPATH_SEARCH_PATHS = "$(inherited) @executable_path/Frameworks";
				PRODUCT_BUNDLE_IDENTIFIER = com.bignerdranch.EveryDo;
				PRODUCT_NAME = "$(TARGET_NAME)";
			};
			name = Debug;
		};
		116675321ED64C2500537286 /* Release */ = {
			isa = XCBuildConfiguration;
			buildSettings = {
				ASSETCATALOG_COMPILER_APPICON_NAME = AppIcon;
				INFOPLIST_FILE = EveryDo/Info.plist;
				LD_RUNPATH_SEARCH_PATHS = "$(inherited) @executable_path/Frameworks";
				PRODUCT_BUNDLE_IDENTIFIER = com.bignerdranch.EveryDo;
				PRODUCT_NAME = "$(TARGET_NAME)";
			};
			name = Release;
		};
/* End XCBuildConfiguration section */

/* Begin XCConfigurationList section */
		116675111ED64C2400537286 /* Build configuration list for PBXProject "EveryDo" */ = {
			isa = XCConfigurationList;
			buildConfigurations = (
				1166752E1ED64C2500537286 /* Debug */,
				1166752F1ED64C2500537286 /* Release */,
			);
			defaultConfigurationIsVisible = 0;
			defaultConfigurationName = Release;
		};
		116675301ED64C2500537286 /* Build configuration list for PBXNativeTarget "EveryDo" */ = {
			isa = XCConfigurationList;
			buildConfigurations = (
				116675311ED64C2500537286 /* Debug */,
				116675321ED64C2500537286 /* Release */,
			);
			defaultConfigurationIsVisible = 0;
		};
/* End XCConfigurationList section */

/* Begin XCVersionGroup section */
		116675251ED64C2500537286 /* EveryDo.xcdatamodeld */ = {
			isa = XCVersionGroup;
			children = (
				116675261ED64C2500537286 /* EveryDo.xcdatamodel */,
			);
			currentVersion = 116675261ED64C2500537286 /* EveryDo.xcdatamodel */;
			path = EveryDo.xcdatamodeld;
			sourceTree = "<group>";
			versionGroupType = wrapper.xcdatamodel;
		};
/* End XCVersionGroup section */
	};
	rootObject = 1166750E1ED64C2400537286 /* Project object */;
}
