// !$*UTF8*$!
{
	archiveVersion = 1;
	classes = {
	};
	objectVersion = 46;
	objects = {

/* Begin PBXBuildFile section */
		11BEBA941ED5D93B00B37E8D /* main.m in Sources */ = {isa = PBXBuildFile; fileRef = 11BEBA931ED5D93B00B37E8D /* main.m */; };
		11BEBA971ED5D93B00B37E8D /* AppDelegate.m in Sources */ = {isa = PBXBuildFile; fileRef = 11BEBA961ED5D93B00B37E8D /* AppDelegate.m */; };
		11BEBA9A1ED5D93B00B37E8D /* ViewController.m in Sources */ = {isa = PBXBuildFile; fileRef = 11BEBA991ED5D93B00B37E8D /* ViewController.m */; };
		11BEBA9D1ED5D93B00B37E8D /* Main.storyboard in Resources */ = {isa = PBXBuildFile; fileRef = 11BEBA9B1ED5D93B00B37E8D /* Main.storyboard */; };
		11BEBAA01ED5D93B00B37E8D /* CoreDataDemo.xcdatamodeld in Sources */ = {isa = PBXBuildFile; fileRef = 11BEBA9E1ED5D93B00B37E8D /* CoreDataDemo.xcdatamodeld */; };
		11BEBAA21ED5D93B00B37E8D /* Assets.xcassets in Resources */ = {isa = PBXBuildFile; fileRef = 11BEBAA11ED5D93B00B37E8D /* Assets.xcassets */; };
		11BEBAA51ED5D93B00B37E8D /* LaunchScreen.storyboard in Resources */ = {isa = PBXBuildFile; fileRef = 11BEBAA31ED5D93B00B37E8D /* LaunchScreen.storyboard */; };
/* End PBXBuildFile section */

/* Begin PBXFileReference section */
		11BEBA8F1ED5D93B00B37E8D /* CoreDataDemo.app */ = {isa = PBXFileReference; explicitFileType = wrapper.application; includeInIndex = 0; path = CoreDataDemo.app; sourceTree = BUILT_PRODUCTS_DIR; };
		11BEBA931ED5D93B00B37E8D /* main.m */ = {isa = PBXFileReference; lastKnownFileType = sourcecode.c.objc; path = main.m; sourceTree = "<group>"; };
		11BEBA951ED5D93B00B37E8D /* AppDelegate.h */ = {isa = PBXFileReference; lastKnownFileType = sourcecode.c.h; path = AppDelegate.h; sourceTree = "<group>"; };
		11BEBA961ED5D93B00B37E8D /* AppDelegate.m */ = {isa = PBXFileReference; lastKnownFileType = sourcecode.c.objc; path = AppDelegate.m; sourceTree = "<group>"; };
		11BEBA981ED5D93B00B37E8D /* ViewController.h */ = {isa = PBXFileReference; lastKnownFileType = sourcecode.c.h; path = ViewController.h; sourceTree = "<group>"; };
		11BEBA991ED5D93B00B37E8D /* ViewController.m */ = {isa = PBXFileReference; lastKnownFileType = sourcecode.c.objc; path = ViewController.m; sourceTree = "<group>"; };
		11BEBA9C1ED5D93B00B37E8D /* Base */ = {isa = PBXFileReference; lastKnownFileType = file.storyboard; name = Base; path = Base.lproj/Main.storyboard; sourceTree = "<group>"; };
		11BEBA9F1ED5D93B00B37E8D /* CoreDataDemo.xcdatamodel */ = {isa = PBXFileReference; lastKnownFileType = wrapper.xcdatamodel; path = CoreDataDemo.xcdatamodel; sourceTree = "<group>"; };
		11BEBAA11ED5D93B00B37E8D /* Assets.xcassets */ = {isa = PBXFileReference; lastKnownFileType = folder.assetcatalog; path = Assets.xcassets; sourceTree = "<group>"; };
		11BEBAA41ED5D93B00B37E8D /* Base */ = {isa = PBXFileReference; lastKnownFileType = file.storyboard; name = Base; path = Base.lproj/LaunchScreen.storyboard; sourceTree = "<group>"; };
		11BEBAA61ED5D93B00B37E8D /* Info.plist */ = {isa = PBXFileReference; lastKnownFileType = text.plist.xml; path = Info.plist; sourceTree = "<group>"; };
		11BEBAAC1ED5D9C100B37E8D /* Person+CoreDataClass.h */ = {isa = PBXFileReference; fileEncoding = 4; lastKnownFileType = sourcecode.c.h; name = "Person+CoreDataClass.h"; path = "../Person+CoreDataClass.h"; sourceTree = "<group>"; };
		11BEBAAD1ED5D9C100B37E8D /* Person+CoreDataClass.m */ = {isa = PBXFileReference; fileEncoding = 4; lastKnownFileType = sourcecode.c.objc; name = "Person+CoreDataClass.m"; path = "../Person+CoreDataClass.m"; sourceTree = "<group>"; };
		11BEBAAE1ED5D9C100B37E8D /* Person+CoreDataProperties.h */ = {isa = PBXFileReference; fileEncoding = 4; lastKnownFileType = sourcecode.c.h; name = "Person+CoreDataProperties.h"; path = "../Person+CoreDataProperties.h"; sourceTree = "<group>"; };
		11BEBAAF1ED5D9C100B37E8D /* Person+CoreDataProperties.m */ = {isa = PBXFileReference; fileEncoding = 4; lastKnownFileType = sourcecode.c.objc; name = "Person+CoreDataProperties.m"; path = "../Person+CoreDataProperties.m"; sourceTree = "<group>"; };
/* End PBXFileReference section */

/* Begin PBXFrameworksBuildPhase section */
		11BEBA8C1ED5D93B00B37E8D /* Frameworks */ = {
			isa = PBXFrameworksBuildPhase;
			buildActionMask = 2147483647;
			files = (
			);
			runOnlyForDeploymentPostprocessing = 0;
		};
/* End PBXFrameworksBuildPhase section */

/* Begin PBXGroup section */
		11BEBA861ED5D93B00B37E8D = {
			isa = PBXGroup;
			children = (
				11BEBA911ED5D93B00B37E8D /* CoreDataDemo */,
				11BEBA901ED5D93B00B37E8D /* Products */,
			);
			sourceTree = "<group>";
		};
		11BEBA901ED5D93B00B37E8D /* Products */ = {
			isa = PBXGroup;
			children = (
				11BEBA8F1ED5D93B00B37E8D /* CoreDataDemo.app */,
			);
			name = Products;
			sourceTree = "<group>";
		};
		11BEBA911ED5D93B00B37E8D /* CoreDataDemo */ = {
			isa = PBXGroup;
			children = (
				11BEBA951ED5D93B00B37E8D /* AppDelegate.h */,
				11BEBA961ED5D93B00B37E8D /* AppDelegate.m */,
				11BEBA981ED5D93B00B37E8D /* ViewController.h */,
				11BEBA991ED5D93B00B37E8D /* ViewController.m */,
				11BEBA9B1ED5D93B00B37E8D /* Main.storyboard */,
				11BEBAA11ED5D93B00B37E8D /* Assets.xcassets */,
				11BEBAA31ED5D93B00B37E8D /* LaunchScreen.storyboard */,
				11BEBAA61ED5D93B00B37E8D /* Info.plist */,
				11BEBA9E1ED5D93B00B37E8D /* CoreDataDemo.xcdatamodeld */,
				11BEBAAC1ED5D9C100B37E8D /* Person+CoreDataClass.h */,
				11BEBAAD1ED5D9C100B37E8D /* Person+CoreDataClass.m */,
				11BEBAAE1ED5D9C100B37E8D /* Person+CoreDataProperties.h */,
				11BEBAAF1ED5D9C100B37E8D /* Person+CoreDataProperties.m */,
				11BEBA921ED5D93B00B37E8D /* Supporting Files */,
			);
			path = CoreDataDemo;
			sourceTree = "<group>";
		};
		11BEBA921ED5D93B00B37E8D /* Supporting Files */ = {
			isa = PBXGroup;
			children = (
				11BEBA931ED5D93B00B37E8D /* main.m */,
			);
			name = "Supporting Files";
			sourceTree = "<group>";
		};
/* End PBXGroup section */

/* Begin PBXNativeTarget section */
		11BEBA8E1ED5D93B00B37E8D /* CoreDataDemo */ = {
			isa = PBXNativeTarget;
			buildConfigurationList = 11BEBAA91ED5D93B00B37E8D /* Build configuration list for PBXNativeTarget "CoreDataDemo" */;
			buildPhases = (
				11BEBA8B1ED5D93B00B37E8D /* Sources */,
				11BEBA8C1ED5D93B00B37E8D /* Frameworks */,
				11BEBA8D1ED5D93B00B37E8D /* Resources */,
			);
			buildRules = (
			);
			dependencies = (
			);
			name = CoreDataDemo;
			productName = CoreDataDemo;
			productReference = 11BEBA8F1ED5D93B00B37E8D /* CoreDataDemo.app */;
			productType = "com.apple.product-type.application";
		};
/* End PBXNativeTarget section */

/* Begin PBXProject section */
		11BEBA871ED5D93B00B37E8D /* Project object */ = {
			isa = PBXProject;
			attributes = {
				LastUpgradeCheck = 0820;
				ORGANIZATIONNAME = "Adam Felix";
				TargetAttributes = {
					11BEBA8E1ED5D93B00B37E8D = {
						CreatedOnToolsVersion = 8.2.1;
						ProvisioningStyle = Automatic;
					};
				};
			};
			buildConfigurationList = 11BEBA8A1ED5D93B00B37E8D /* Build configuration list for PBXProject "CoreDataDemo" */;
			compatibilityVersion = "Xcode 3.2";
			developmentRegion = English;
			hasScannedForEncodings = 0;
			knownRegions = (
				en,
				Base,
			);
			mainGroup = 11BEBA861ED5D93B00B37E8D;
			productRefGroup = 11BEBA901ED5D93B00B37E8D /* Products */;
			projectDirPath = "";
			projectRoot = "";
			targets = (
				11BEBA8E1ED5D93B00B37E8D /* CoreDataDemo */,
			);
		};
/* End PBXProject section */

/* Begin PBXResourcesBuildPhase section */
		11BEBA8D1ED5D93B00B37E8D /* Resources */ = {
			isa = PBXResourcesBuildPhase;
			buildActionMask = 2147483647;
			files = (
				11BEBAA51ED5D93B00B37E8D /* LaunchScreen.storyboard in Resources */,
				11BEBAA21ED5D93B00B37E8D /* Assets.xcassets in Resources */,
				11BEBA9D1ED5D93B00B37E8D /* Main.storyboard in Resources */,
			);
			runOnlyForDeploymentPostprocessing = 0;
		};
/* End PBXResourcesBuildPhase section */

/* Begin PBXSourcesBuildPhase section */
		11BEBA8B1ED5D93B00B37E8D /* Sources */ = {
			isa = PBXSourcesBuildPhase;
			buildActionMask = 2147483647;
			files = (
				11BEBA9A1ED5D93B00B37E8D /* ViewController.m in Sources */,
				11BEBAA01ED5D93B00B37E8D /* CoreDataDemo.xcdatamodeld in Sources */,
				11BEBA971ED5D93B00B37E8D /* AppDelegate.m in Sources */,
				11BEBA941ED5D93B00B37E8D /* main.m in Sources */,
			);
			runOnlyForDeploymentPostprocessing = 0;
		};
/* End PBXSourcesBuildPhase section */

/* Begin PBXVariantGroup section */
		11BEBA9B1ED5D93B00B37E8D /* Main.storyboard */ = {
			isa = PBXVariantGroup;
			children = (
				11BEBA9C1ED5D93B00B37E8D /* Base */,
			);
			name = Main.storyboard;
			sourceTree = "<group>";
		};
		11BEBAA31ED5D93B00B37E8D /* LaunchScreen.storyboard */ = {
			isa = PBXVariantGroup;
			children = (
				11BEBAA41ED5D93B00B37E8D /* Base */,
			);
			name = LaunchScreen.storyboard;
			sourceTree = "<group>";
		};
/* End PBXVariantGroup section */

/* Begin XCBuildConfiguration section */
		11BEBAA71ED5D93B00B37E8D /* Debug */ = {
			isa = XCBuildConfiguration;
			buildSettings = {
				ALWAYS_SEARCH_USER_PATHS = NO;
				CLANG_ANALYZER_NONNULL = YES;
				CLANG_CXX_LANGUAGE_STANDARD = "gnu++0x";
				CLANG_CXX_LIBRARY = "libc++";
				CLANG_ENABLE_MODULES = YES;
				CLANG_ENABLE_OBJC_ARC = YES;
				CLANG_WARN_BOOL_CONVERSION = YES;
				CLANG_WARN_CONSTANT_CONVERSION = YES;
				CLANG_WARN_DIRECT_OBJC_ISA_USAGE = YES_ERROR;
				CLANG_WARN_DOCUMENTATION_COMMENTS = YES;
				CLANG_WARN_EMPTY_BODY = YES;
				CLANG_WARN_ENUM_CONVERSION = YES;
				CLANG_WARN_INFINITE_RECURSION = YES;
				CLANG_WARN_INT_CONVERSION = YES;
				CLANG_WARN_OBJC_ROOT_CLASS = YES_ERROR;
				CLANG_WARN_SUSPICIOUS_MOVE = YES;
				CLANG_WARN_UNREACHABLE_CODE = YES;
				CLANG_WARN__DUPLICATE_METHOD_MATCH = YES;
				"CODE_SIGN_IDENTITY[sdk=iphoneos*]" = "iPhone Developer";
				COPY_PHASE_STRIP = NO;
				DEBUG_INFORMATION_FORMAT = dwarf;
				ENABLE_STRICT_OBJC_MSGSEND = YES;
				ENABLE_TESTABILITY = YES;
				GCC_C_LANGUAGE_STANDARD = gnu99;
				GCC_DYNAMIC_NO_PIC = NO;
				GCC_NO_COMMON_BLOCKS = YES;
				GCC_OPTIMIZATION_LEVEL = 0;
				GCC_PREPROCESSOR_DEFINITIONS = (
					"DEBUG=1",
					"$(inherited)",
				);
				GCC_WARN_64_TO_32_BIT_CONVERSION = YES;
				GCC_WARN_ABOUT_RETURN_TYPE = YES_ERROR;
				GCC_WARN_UNDECLARED_SELECTOR = YES;
				GCC_WARN_UNINITIALIZED_AUTOS = YES_AGGRESSIVE;
				GCC_WARN_UNUSED_FUNCTION = YES;
				GCC_WARN_UNUSED_VARIABLE = YES;
				IPHONEOS_DEPLOYMENT_TARGET = 10.2;
				MTL_ENABLE_DEBUG_INFO = YES;
				ONLY_ACTIVE_ARCH = YES;
				SDKROOT = iphoneos;
			};
			name = Debug;
		};
		11BEBAA81ED5D93B00B37E8D /* Release */ = {
			isa = XCBuildConfiguration;
			buildSettings = {
				ALWAYS_SEARCH_USER_PATHS = NO;
				CLANG_ANALYZER_NONNULL = YES;
				CLANG_CXX_LANGUAGE_STANDARD = "gnu++0x";
				CLANG_CXX_LIBRARY = "libc++";
				CLANG_ENABLE_MODULES = YES;
				CLANG_ENABLE_OBJC_ARC = YES;
				CLANG_WARN_BOOL_CONVERSION = YES;
				CLANG_WARN_CONSTANT_CONVERSION = YES;
				CLANG_WARN_DIRECT_OBJC_ISA_USAGE = YES_ERROR;
				CLANG_WARN_DOCUMENTATION_COMMENTS = YES;
				CLANG_WARN_EMPTY_BODY = YES;
				CLANG_WARN_ENUM_CONVERSION = YES;
				CLANG_WARN_INFINITE_RECURSION = YES;
				CLANG_WARN_INT_CONVERSION = YES;
				CLANG_WARN_OBJC_ROOT_CLASS = YES_ERROR;
				CLANG_WARN_SUSPICIOUS_MOVE = YES;
				CLANG_WARN_UNREACHABLE_CODE = YES;
				CLANG_WARN__DUPLICATE_METHOD_MATCH = YES;
				"CODE_SIGN_IDENTITY[sdk=iphoneos*]" = "iPhone Developer";
				COPY_PHASE_STRIP = NO;
				DEBUG_INFORMATION_FORMAT = "dwarf-with-dsym";
				ENABLE_NS_ASSERTIONS = NO;
				ENABLE_STRICT_OBJC_MSGSEND = YES;
				GCC_C_LANGUAGE_STANDARD = gnu99;
				GCC_NO_COMMON_BLOCKS = YES;
				GCC_WARN_64_TO_32_BIT_CONVERSION = YES;
				GCC_WARN_ABOUT_RETURN_TYPE = YES_ERROR;
				GCC_WARN_UNDECLARED_SELECTOR = YES;
				GCC_WARN_UNINITIALIZED_AUTOS = YES_AGGRESSIVE;
				GCC_WARN_UNUSED_FUNCTION = YES;
				GCC_WARN_UNUSED_VARIABLE = YES;
				IPHONEOS_DEPLOYMENT_TARGET = 10.2;
				MTL_ENABLE_DEBUG_INFO = NO;
				SDKROOT = iphoneos;
				VALIDATE_PRODUCT = YES;
			};
			name = Release;
		};
		11BEBAAA1ED5D93B00B37E8D /* Debug */ = {
			isa = XCBuildConfiguration;
			buildSettings = {
				ASSETCATALOG_COMPILER_APPICON_NAME = AppIcon;
				INFOPLIST_FILE = CoreDataDemo/Info.plist;
				LD_RUNPATH_SEARCH_PATHS = "$(inherited) @executable_path/Frameworks";
				PRODUCT_BUNDLE_IDENTIFIER = com.bignerdranch.CoreDataDemo;
				PRODUCT_NAME = "$(TARGET_NAME)";
			};
			name = Debug;
		};
		11BEBAAB1ED5D93B00B37E8D /* Release */ = {
			isa = XCBuildConfiguration;
			buildSettings = {
				ASSETCATALOG_COMPILER_APPICON_NAME = AppIcon;
				INFOPLIST_FILE = CoreDataDemo/Info.plist;
				LD_RUNPATH_SEARCH_PATHS = "$(inherited) @executable_path/Frameworks";
				PRODUCT_BUNDLE_IDENTIFIER = com.bignerdranch.CoreDataDemo;
				PRODUCT_NAME = "$(TARGET_NAME)";
			};
			name = Release;
		};
/* End XCBuildConfiguration section */

/* Begin XCConfigurationList section */
		11BEBA8A1ED5D93B00B37E8D /* Build configuration list for PBXProject "CoreDataDemo" */ = {
			isa = XCConfigurationList;
			buildConfigurations = (
				11BEBAA71ED5D93B00B37E8D /* Debug */,
				11BEBAA81ED5D93B00B37E8D /* Release */,
			);
			defaultConfigurationIsVisible = 0;
			defaultConfigurationName = Release;
		};
		11BEBAA91ED5D93B00B37E8D /* Build configuration list for PBXNativeTarget "CoreDataDemo" */ = {
			isa = XCConfigurationList;
			buildConfigurations = (
				11BEBAAA1ED5D93B00B37E8D /* Debug */,
				11BEBAAB1ED5D93B00B37E8D /* Release */,
			);
			defaultConfigurationIsVisible = 0;
		};
/* End XCConfigurationList section */

/* Begin XCVersionGroup section */
		11BEBA9E1ED5D93B00B37E8D /* CoreDataDemo.xcdatamodeld */ = {
			isa = XCVersionGroup;
			children = (
				11BEBA9F1ED5D93B00B37E8D /* CoreDataDemo.xcdatamodel */,
			);
			currentVersion = 11BEBA9F1ED5D93B00B37E8D /* CoreDataDemo.xcdatamodel */;
			path = CoreDataDemo.xcdatamodeld;
			sourceTree = "<group>";
			versionGroupType = wrapper.xcdatamodel;
		};
/* End XCVersionGroup section */
	};
	rootObject = 11BEBA871ED5D93B00B37E8D /* Project object */;
}
