// !$*UTF8*$!
{
	archiveVersion = 1;
	classes = {
	};
	objectVersion = 46;
	objects = {

/* Begin PBXBuildFile section */
		11B42C591EE6F11900BF9661 /* AppDelegate.swift in Sources */ = {isa = PBXBuildFile; fileRef = 11B42C581EE6F11900BF9661 /* AppDelegate.swift */; };
		11B42C5B1EE6F11900BF9661 /* ViewController.swift in Sources */ = {isa = PBXBuildFile; fileRef = 11B42C5A1EE6F11900BF9661 /* ViewController.swift */; };
		11B42C5E1EE6F11900BF9661 /* Main.storyboard in Resources */ = {isa = PBXBuildFile; fileRef = 11B42C5C1EE6F11900BF9661 /* Main.storyboard */; };
		11B42C601EE6F11900BF9661 /* Assets.xcassets in Resources */ = {isa = PBXBuildFile; fileRef = 11B42C5F1EE6F11900BF9661 /* Assets.xcassets */; };
		11B42C631EE6F11900BF9661 /* LaunchScreen.storyboard in Resources */ = {isa = PBXBuildFile; fileRef = 11B42C611EE6F11900BF9661 /* LaunchScreen.storyboard */; };
		11B42C6B1EE6F34900BF9661 /* NewsTableViewCell.swift in Sources */ = {isa = PBXBuildFile; fileRef = 11B42C6A1EE6F34900BF9661 /* NewsTableViewCell.swift */; };
		11B42C6D1EE705F300BF9661 /* NewsItem.swift in Sources */ = {isa = PBXBuildFile; fileRef = 11B42C6C1EE705F300BF9661 /* NewsItem.swift */; };
		11B42C6F1EE7101500BF9661 /* bg-header.jpg in Resources */ = {isa = PBXBuildFile; fileRef = 11B42C6E1EE7101500BF9661 /* bg-header.jpg */; };
/* End PBXBuildFile section */

/* Begin PBXFileReference section */
		11B42C551EE6F11900BF9661 /* StretchMyHeader.app */ = {isa = PBXFileReference; explicitFileType = wrapper.application; includeInIndex = 0; path = StretchMyHeader.app; sourceTree = BUILT_PRODUCTS_DIR; };
		11B42C581EE6F11900BF9661 /* AppDelegate.swift */ = {isa = PBXFileReference; lastKnownFileType = sourcecode.swift; path = AppDelegate.swift; sourceTree = "<group>"; };
		11B42C5A1EE6F11900BF9661 /* ViewController.swift */ = {isa = PBXFileReference; lastKnownFileType = sourcecode.swift; path = ViewController.swift; sourceTree = "<group>"; };
		11B42C5D1EE6F11900BF9661 /* Base */ = {isa = PBXFileReference; lastKnownFileType = file.storyboard; name = Base; path = Base.lproj/Main.storyboard; sourceTree = "<group>"; };
		11B42C5F1EE6F11900BF9661 /* Assets.xcassets */ = {isa = PBXFileReference; lastKnownFileType = folder.assetcatalog; path = Assets.xcassets; sourceTree = "<group>"; };
		11B42C621EE6F11900BF9661 /* Base */ = {isa = PBXFileReference; lastKnownFileType = file.storyboard; name = Base; path = Base.lproj/LaunchScreen.storyboard; sourceTree = "<group>"; };
		11B42C641EE6F11900BF9661 /* Info.plist */ = {isa = PBXFileReference; lastKnownFileType = text.plist.xml; path = Info.plist; sourceTree = "<group>"; };
		11B42C6A1EE6F34900BF9661 /* NewsTableViewCell.swift */ = {isa = PBXFileReference; fileEncoding = 4; lastKnownFileType = sourcecode.swift; path = NewsTableViewCell.swift; sourceTree = "<group>"; };
		11B42C6C1EE705F300BF9661 /* NewsItem.swift */ = {isa = PBXFileReference; fileEncoding = 4; lastKnownFileType = sourcecode.swift; path = NewsItem.swift; sourceTree = "<group>"; };
		11B42C6E1EE7101500BF9661 /* bg-header.jpg */ = {isa = PBXFileReference; lastKnownFileType = image.jpeg; path = "bg-header.jpg"; sourceTree = "<group>"; };
/* End PBXFileReference section */

/* Begin PBXFrameworksBuildPhase section */
		11B42C521EE6F11900BF9661 /* Frameworks */ = {
			isa = PBXFrameworksBuildPhase;
			buildActionMask = 2147483647;
			files = (
			);
			runOnlyForDeploymentPostprocessing = 0;
		};
/* End PBXFrameworksBuildPhase section */

/* Begin PBXGroup section */
		11B42C4C1EE6F11900BF9661 = {
			isa = PBXGroup;
			children = (
				11B42C571EE6F11900BF9661 /* StretchMyHeader */,
				11B42C561EE6F11900BF9661 /* Products */,
			);
			sourceTree = "<group>";
		};
		11B42C561EE6F11900BF9661 /* Products */ = {
			isa = PBXGroup;
			children = (
				11B42C551EE6F11900BF9661 /* StretchMyHeader.app */,
			);
			name = Products;
			sourceTree = "<group>";
		};
		11B42C571EE6F11900BF9661 /* StretchMyHeader */ = {
			isa = PBXGroup;
			children = (
				11B42C581EE6F11900BF9661 /* AppDelegate.swift */,
				11B42C5A1EE6F11900BF9661 /* ViewController.swift */,
				11B42C5C1EE6F11900BF9661 /* Main.storyboard */,
				11B42C6A1EE6F34900BF9661 /* NewsTableViewCell.swift */,
				11B42C6C1EE705F300BF9661 /* NewsItem.swift */,
				11B42C6E1EE7101500BF9661 /* bg-header.jpg */,
				11B42C5F1EE6F11900BF9661 /* Assets.xcassets */,
				11B42C611EE6F11900BF9661 /* LaunchScreen.storyboard */,
				11B42C641EE6F11900BF9661 /* Info.plist */,
			);
			path = StretchMyHeader;
			sourceTree = "<group>";
		};
/* End PBXGroup section */

/* Begin PBXNativeTarget section */
		11B42C541EE6F11900BF9661 /* StretchMyHeader */ = {
			isa = PBXNativeTarget;
			buildConfigurationList = 11B42C671EE6F11900BF9661 /* Build configuration list for PBXNativeTarget "StretchMyHeader" */;
			buildPhases = (
				11B42C511EE6F11900BF9661 /* Sources */,
				11B42C521EE6F11900BF9661 /* Frameworks */,
				11B42C531EE6F11900BF9661 /* Resources */,
			);
			buildRules = (
			);
			dependencies = (
			);
			name = StretchMyHeader;
			productName = StretchMyHeader;
			productReference = 11B42C551EE6F11900BF9661 /* StretchMyHeader.app */;
			productType = "com.apple.product-type.application";
		};
/* End PBXNativeTarget section */

/* Begin PBXProject section */
		11B42C4D1EE6F11900BF9661 /* Project object */ = {
			isa = PBXProject;
			attributes = {
				LastSwiftUpdateCheck = 0820;
				LastUpgradeCheck = 0820;
				ORGANIZATIONNAME = "Adam Felix";
				TargetAttributes = {
					11B42C541EE6F11900BF9661 = {
						CreatedOnToolsVersion = 8.2.1;
						ProvisioningStyle = Automatic;
					};
				};
			};
			buildConfigurationList = 11B42C501EE6F11900BF9661 /* Build configuration list for PBXProject "StretchMyHeader" */;
			compatibilityVersion = "Xcode 3.2";
			developmentRegion = English;
			hasScannedForEncodings = 0;
			knownRegions = (
				en,
				Base,
			);
			mainGroup = 11B42C4C1EE6F11900BF9661;
			productRefGroup = 11B42C561EE6F11900BF9661 /* Products */;
			projectDirPath = "";
			projectRoot = "";
			targets = (
				11B42C541EE6F11900BF9661 /* StretchMyHeader */,
			);
		};
/* End PBXProject section */

/* Begin PBXResourcesBuildPhase section */
		11B42C531EE6F11900BF9661 /* Resources */ = {
			isa = PBXResourcesBuildPhase;
			buildActionMask = 2147483647;
			files = (
				11B42C631EE6F11900BF9661 /* LaunchScreen.storyboard in Resources */,
				11B42C601EE6F11900BF9661 /* Assets.xcassets in Resources */,
				11B42C5E1EE6F11900BF9661 /* Main.storyboard in Resources */,
				11B42C6F1EE7101500BF9661 /* bg-header.jpg in Resources */,
			);
			runOnlyForDeploymentPostprocessing = 0;
		};
/* End PBXResourcesBuildPhase section */

/* Begin PBXSourcesBuildPhase section */
		11B42C511EE6F11900BF9661 /* Sources */ = {
			isa = PBXSourcesBuildPhase;
			buildActionMask = 2147483647;
			files = (
				11B42C5B1EE6F11900BF9661 /* ViewController.swift in Sources */,
				11B42C6D1EE705F300BF9661 /* NewsItem.swift in Sources */,
				11B42C591EE6F11900BF9661 /* AppDelegate.swift in Sources */,
				11B42C6B1EE6F34900BF9661 /* NewsTableViewCell.swift in Sources */,
			);
			runOnlyForDeploymentPostprocessing = 0;
		};
/* End PBXSourcesBuildPhase section */

/* Begin PBXVariantGroup section */
		11B42C5C1EE6F11900BF9661 /* Main.storyboard */ = {
			isa = PBXVariantGroup;
			children = (
				11B42C5D1EE6F11900BF9661 /* Base */,
			);
			name = Main.storyboard;
			sourceTree = "<group>";
		};
		11B42C611EE6F11900BF9661 /* LaunchScreen.storyboard */ = {
			isa = PBXVariantGroup;
			children = (
				11B42C621EE6F11900BF9661 /* Base */,
			);
			name = LaunchScreen.storyboard;
			sourceTree = "<group>";
		};
/* End PBXVariantGroup section */

/* Begin XCBuildConfiguration section */
		11B42C651EE6F11900BF9661 /* Debug */ = {
			isa = XCBuildConfiguration;
			buildSettings = {
				ALWAYS_SEARCH_USER_PATHS = NO;
				CLANG_ANALYZER_NONNULL = YES;
				CLANG_CXX_LANGUAGE_STANDARD = "gnu++0x";
				CLANG_CXX_LIBRARY = "libc++";
				CLANG_ENABLE_MODULES = YES;
				CLANG_ENABLE_OBJC_ARC = YES;
				CLANG_WARN_BOOL_CONVERSION = YES;
				CLANG_WARN_CONSTANT_CONVERSION = YES;
				CLANG_WARN_DIRECT_OBJC_ISA_USAGE = YES_ERROR;
				CLANG_WARN_DOCUMENTATION_COMMENTS = YES;
				CLANG_WARN_EMPTY_BODY = YES;
				CLANG_WARN_ENUM_CONVERSION = YES;
				CLANG_WARN_INFINITE_RECURSION = YES;
				CLANG_WARN_INT_CONVERSION = YES;
				CLANG_WARN_OBJC_ROOT_CLASS = YES_ERROR;
				CLANG_WARN_SUSPICIOUS_MOVE = YES;
				CLANG_WARN_UNREACHABLE_CODE = YES;
				CLANG_WARN__DUPLICATE_METHOD_MATCH = YES;
				"CODE_SIGN_IDENTITY[sdk=iphoneos*]" = "iPhone Developer";
				COPY_PHASE_STRIP = NO;
				DEBUG_INFORMATION_FORMAT = dwarf;
				ENABLE_STRICT_OBJC_MSGSEND = YES;
				ENABLE_TESTABILITY = YES;
				GCC_C_LANGUAGE_STANDARD = gnu99;
				GCC_DYNAMIC_NO_PIC = NO;
				GCC_NO_COMMON_BLOCKS = YES;
				GCC_OPTIMIZATION_LEVEL = 0;
				GCC_PREPROCESSOR_DEFINITIONS = (
					"DEBUG=1",
					"$(inherited)",
				);
				GCC_WARN_64_TO_32_BIT_CONVERSION = YES;
				GCC_WARN_ABOUT_RETURN_TYPE = YES_ERROR;
				GCC_WARN_UNDECLARED_SELECTOR = YES;
				GCC_WARN_UNINITIALIZED_AUTOS = YES_AGGRESSIVE;
				GCC_WARN_UNUSED_FUNCTION = YES;
				GCC_WARN_UNUSED_VARIABLE = YES;
				IPHONEOS_DEPLOYMENT_TARGET = 10.2;
				MTL_ENABLE_DEBUG_INFO = YES;
				ONLY_ACTIVE_ARCH = YES;
				SDKROOT = iphoneos;
				SWIFT_ACTIVE_COMPILATION_CONDITIONS = DEBUG;
				SWIFT_OPTIMIZATION_LEVEL = "-Onone";
			};
			name = Debug;
		};
		11B42C661EE6F11900BF9661 /* Release */ = {
			isa = XCBuildConfiguration;
			buildSettings = {
				ALWAYS_SEARCH_USER_PATHS = NO;
				CLANG_ANALYZER_NONNULL = YES;
				CLANG_CXX_LANGUAGE_STANDARD = "gnu++0x";
				CLANG_CXX_LIBRARY = "libc++";
				CLANG_ENABLE_MODULES = YES;
				CLANG_ENABLE_OBJC_ARC = YES;
				CLANG_WARN_BOOL_CONVERSION = YES;
				CLANG_WARN_CONSTANT_CONVERSION = YES;
				CLANG_WARN_DIRECT_OBJC_ISA_USAGE = YES_ERROR;
				CLANG_WARN_DOCUMENTATION_COMMENTS = YES;
				CLANG_WARN_EMPTY_BODY = YES;
				CLANG_WARN_ENUM_CONVERSION = YES;
				CLANG_WARN_INFINITE_RECURSION = YES;
				CLANG_WARN_INT_CONVERSION = YES;
				CLANG_WARN_OBJC_ROOT_CLASS = YES_ERROR;
				CLANG_WARN_SUSPICIOUS_MOVE = YES;
				CLANG_WARN_UNREACHABLE_CODE = YES;
				CLANG_WARN__DUPLICATE_METHOD_MATCH = YES;
				"CODE_SIGN_IDENTITY[sdk=iphoneos*]" = "iPhone Developer";
				COPY_PHASE_STRIP = NO;
				DEBUG_INFORMATION_FORMAT = "dwarf-with-dsym";
				ENABLE_NS_ASSERTIONS = NO;
				ENABLE_STRICT_OBJC_MSGSEND = YES;
				GCC_C_LANGUAGE_STANDARD = gnu99;
				GCC_NO_COMMON_BLOCKS = YES;
				GCC_WARN_64_TO_32_BIT_CONVERSION = YES;
				GCC_WARN_ABOUT_RETURN_TYPE = YES_ERROR;
				GCC_WARN_UNDECLARED_SELECTOR = YES;
				GCC_WARN_UNINITIALIZED_AUTOS = YES_AGGRESSIVE;
				GCC_WARN_UNUSED_FUNCTION = YES;
				GCC_WARN_UNUSED_VARIABLE = YES;
				IPHONEOS_DEPLOYMENT_TARGET = 10.2;
				MTL_ENABLE_DEBUG_INFO = NO;
				SDKROOT = iphoneos;
				SWIFT_OPTIMIZATION_LEVEL = "-Owholemodule";
				VALIDATE_PRODUCT = YES;
			};
			name = Release;
		};
		11B42C681EE6F11900BF9661 /* Debug */ = {
			isa = XCBuildConfiguration;
			buildSettings = {
				ASSETCATALOG_COMPILER_APPICON_NAME = AppIcon;
				INFOPLIST_FILE = StretchMyHeader/Info.plist;
				LD_RUNPATH_SEARCH_PATHS = "$(inherited) @executable_path/Frameworks";
				PRODUCT_BUNDLE_IDENTIFIER = com.lighthouse.StretchMyHeader;
				PRODUCT_NAME = "$(TARGET_NAME)";
				SWIFT_VERSION = 3.0;
			};
			name = Debug;
		};
		11B42C691EE6F11900BF9661 /* Release */ = {
			isa = XCBuildConfiguration;
			buildSettings = {
				ASSETCATALOG_COMPILER_APPICON_NAME = AppIcon;
				INFOPLIST_FILE = StretchMyHeader/Info.plist;
				LD_RUNPATH_SEARCH_PATHS = "$(inherited) @executable_path/Frameworks";
				PRODUCT_BUNDLE_IDENTIFIER = com.lighthouse.StretchMyHeader;
				PRODUCT_NAME = "$(TARGET_NAME)";
				SWIFT_VERSION = 3.0;
			};
			name = Release;
		};
/* End XCBuildConfiguration section */

/* Begin XCConfigurationList section */
		11B42C501EE6F11900BF9661 /* Build configuration list for PBXProject "StretchMyHeader" */ = {
			isa = XCConfigurationList;
			buildConfigurations = (
				11B42C651EE6F11900BF9661 /* Debug */,
				11B42C661EE6F11900BF9661 /* Release */,
			);
			defaultConfigurationIsVisible = 0;
			defaultConfigurationName = Release;
		};
		11B42C671EE6F11900BF9661 /* Build configuration list for PBXNativeTarget "StretchMyHeader" */ = {
			isa = XCConfigurationList;
			buildConfigurations = (
				11B42C681EE6F11900BF9661 /* Debug */,
				11B42C691EE6F11900BF9661 /* Release */,
			);
			defaultConfigurationIsVisible = 0;
		};
/* End XCConfigurationList section */
	};
	rootObject = 11B42C4D1EE6F11900BF9661 /* Project object */;
}
